
Microsoft Visual Studio Solution File, Format Version 12.00
# Visual Studio 15
VisualStudioVersion = 15.0.28307.779
MinimumVisualStudioVersion = 10.0.40219.1
Project("{FAE04EC0-301F-11D3-BF4B-00C04F79EFBC}") = "NUnitSamples.Model", "NUnitSamples.Model\NUnitSamples.Model.csproj", "{9CDACC73-5954-48DE-BCB7-36B68114725F}"
EndProject
Global
	GlobalSection(SolutionConfigurationPlatforms) = preSolution
		Debug|Any CPU = Debug|Any CPU
		Release|Any CPU = Release|Any CPU
	EndGlobalSection
	GlobalSection(ProjectConfigurationPlatforms) = postSolution
		{9CDACC73-5954-48DE-BCB7-36B68114725F}.Debug|Any CPU.ActiveCfg = Debug|Any CPU
		{9CDACC73-5954-48DE-BCB7-36B68114725F}.Debug|Any CPU.Build.0 = Debug|Any CPU
		{9CDACC73-5954-48DE-BCB7-36B68114725F}.Release|Any CPU.ActiveCfg = Release|Any CPU
		{9CDACC73-5954-48DE-BCB7-36B68114725F}.Release|Any CPU.Build.0 = Release|Any CPU
	EndGlobalSection
	GlobalSection(SolutionProperties) = preSolution
		HideSolutionNode = FALSE
	EndGlobalSection
	GlobalSection(ExtensibilityGlobals) = postSolution
		SolutionGuid = {D5BF0107-3227-4255-8E32-6233DE3B9248}
	EndGlobalSection
EndGlobal
